
Microsoft Visual Studio Solution File, Format Version 12.00
# Visual Studio 15
VisualStudioVersion = 15.0.26730.10
MinimumVisualStudioVersion = 10.0.40219.1
Project("{262852C6-CD72-467D-83FE-5EEB1973A190}") = "EngSoftTycoon", "EngSoftTycoon\EngSoftTycoon.jsproj", "{9E3381EC-14F4-400F-AF6A-3885B65B0138}"
EndProject
Global
	GlobalSection(SolutionConfigurationPlatforms) = preSolution
		Debug|Android = Debug|Android
		Debug|iOS = Debug|iOS
		Debug|Windows-ARM = Debug|Windows-ARM
		Debug|Windows-x64 = Debug|Windows-x64
		Debug|Windows-x86 = Debug|Windows-x86
		Release|Android = Release|Android
		Release|iOS = Release|iOS
		Release|Windows-ARM = Release|Windows-ARM
		Release|Windows-x64 = Release|Windows-x64
		Release|Windows-x86 = Release|Windows-x86
	EndGlobalSection
	GlobalSection(ProjectConfigurationPlatforms) = postSolution
		{9E3381EC-14F4-400F-AF6A-3885B65B0138}.Debug|Android.ActiveCfg = Debug|Android
		{9E3381EC-14F4-400F-AF6A-3885B65B0138}.Debug|Android.Build.0 = Debug|Android
		{9E3381EC-14F4-400F-AF6A-3885B65B0138}.Debug|Android.Deploy.0 = Debug|Android
		{9E3381EC-14F4-400F-AF6A-3885B65B0138}.Debug|iOS.ActiveCfg = Debug|iOS
		{9E3381EC-14F4-400F-AF6A-3885B65B0138}.Debug|iOS.Build.0 = Debug|iOS
		{9E3381EC-14F4-400F-AF6A-3885B65B0138}.Debug|iOS.Deploy.0 = Debug|iOS
		{9E3381EC-14F4-400F-AF6A-3885B65B0138}.Debug|Windows-ARM.ActiveCfg = Debug|Windows-ARM
		{9E3381EC-14F4-400F-AF6A-3885B65B0138}.Debug|Windows-ARM.Build.0 = Debug|Windows-ARM
		{9E3381EC-14F4-400F-AF6A-3885B65B0138}.Debug|Windows-ARM.Deploy.0 = Debug|Windows-ARM
		{9E3381EC-14F4-400F-AF6A-3885B65B0138}.Debug|Windows-x64.ActiveCfg = Debug|Windows-x64
		{9E3381EC-14F4-400F-AF6A-3885B65B0138}.Debug|Windows-x64.Build.0 = Debug|Windows-x64
		{9E3381EC-14F4-400F-AF6A-3885B65B0138}.Debug|Windows-x64.Deploy.0 = Debug|Windows-x64
		{9E3381EC-14F4-400F-AF6A-3885B65B0138}.Debug|Windows-x86.ActiveCfg = Debug|Windows-x86
		{9E3381EC-14F4-400F-AF6A-3885B65B0138}.Debug|Windows-x86.Build.0 = Debug|Windows-x86
		{9E3381EC-14F4-400F-AF6A-3885B65B0138}.Debug|Windows-x86.Deploy.0 = Debug|Windows-x86
		{9E3381EC-14F4-400F-AF6A-3885B65B0138}.Release|Android.ActiveCfg = Release|Android
		{9E3381EC-14F4-400F-AF6A-3885B65B0138}.Release|Android.Build.0 = Release|Android
		{9E3381EC-14F4-400F-AF6A-3885B65B0138}.Release|Android.Deploy.0 = Release|Android
		{9E3381EC-14F4-400F-AF6A-3885B65B0138}.Release|iOS.ActiveCfg = Release|iOS
		{9E3381EC-14F4-400F-AF6A-3885B65B0138}.Release|iOS.Build.0 = Release|iOS
		{9E3381EC-14F4-400F-AF6A-3885B65B0138}.Release|iOS.Deploy.0 = Release|iOS
		{9E3381EC-14F4-400F-AF6A-3885B65B0138}.Release|Windows-ARM.ActiveCfg = Release|Windows-ARM
		{9E3381EC-14F4-400F-AF6A-3885B65B0138}.Release|Windows-ARM.Build.0 = Release|Windows-ARM
		{9E3381EC-14F4-400F-AF6A-3885B65B0138}.Release|Windows-ARM.Deploy.0 = Release|Windows-ARM
		{9E3381EC-14F4-400F-AF6A-3885B65B0138}.Release|Windows-x64.ActiveCfg = Release|Windows-x64
		{9E3381EC-14F4-400F-AF6A-3885B65B0138}.Release|Windows-x64.Build.0 = Release|Windows-x64
		{9E3381EC-14F4-400F-AF6A-3885B65B0138}.Release|Windows-x64.Deploy.0 = Release|Windows-x64
		{9E3381EC-14F4-400F-AF6A-3885B65B0138}.Release|Windows-x86.ActiveCfg = Release|Windows-x86
		{9E3381EC-14F4-400F-AF6A-3885B65B0138}.Release|Windows-x86.Build.0 = Release|Windows-x86
		{9E3381EC-14F4-400F-AF6A-3885B65B0138}.Release|Windows-x86.Deploy.0 = Release|Windows-x86
	EndGlobalSection
	GlobalSection(SolutionProperties) = preSolution
		HideSolutionNode = FALSE
	EndGlobalSection
	GlobalSection(ExtensibilityGlobals) = postSolution
		SolutionGuid = {B8A5E730-528B-47C1-B1CB-30705F7FE97E}
	EndGlobalSection
EndGlobal
